// !$*UTF8*$!
{
	archiveVersion = 1;
	classes = {
	};
	objectVersion = 46;
	objects = {

/* Begin PBXBuildFile section */
		B8C0CD42084559EC3D1D4529 /* Pods_DanTangFromQuanzai.framework in Frameworks */ = {isa = PBXBuildFile; fileRef = BA19FE6D0E347B452581C267 /* Pods_DanTangFromQuanzai.framework */; };
		C3061E8F1D5ACACC006A7962 /* XZQNetWorkTool.swift in Sources */ = {isa = PBXBuildFile; fileRef = C3061E8E1D5ACACC006A7962 /* XZQNetWorkTool.swift */; };
		C3291CBC1D5ACEBE009EEDDD /* XZQHomeItem.swift in Sources */ = {isa = PBXBuildFile; fileRef = C3291CBB1D5ACEBE009EEDDD /* XZQHomeItem.swift */; };
		C3291CBE1D5ACF2F009EEDDD /* XZQChannel.swift in Sources */ = {isa = PBXBuildFile; fileRef = C3291CBD1D5ACF2F009EEDDD /* XZQChannel.swift */; };
		C3291CC01D5ACFB4009EEDDD /* XZQSearchResult.swift in Sources */ = {isa = PBXBuildFile; fileRef = C3291CBF1D5ACFB4009EEDDD /* XZQSearchResult.swift */; };
		C3291CC61D5AD07C009EEDDD /* XZQProduct.swift in Sources */ = {isa = PBXBuildFile; fileRef = C3291CC51D5AD07C009EEDDD /* XZQProduct.swift */; };
		C3291CC81D5AD0B6009EEDDD /* XZQProductDetail.swift in Sources */ = {isa = PBXBuildFile; fileRef = C3291CC71D5AD0B6009EEDDD /* XZQProductDetail.swift */; };
		C3291CCA1D5AD0E7009EEDDD /* XZQComment.swift in Sources */ = {isa = PBXBuildFile; fileRef = C3291CC91D5AD0E7009EEDDD /* XZQComment.swift */; };
		C3291CCC1D5AD150009EEDDD /* XZQCollection.swift in Sources */ = {isa = PBXBuildFile; fileRef = C3291CCB1D5AD150009EEDDD /* XZQCollection.swift */; };
		C3291CCE1D5AD183009EEDDD /* XZQCollectionPost.swift in Sources */ = {isa = PBXBuildFile; fileRef = C3291CCD1D5AD183009EEDDD /* XZQCollectionPost.swift */; };
		C3291CD01D5AD1C1009EEDDD /* XZQGroup.swift in Sources */ = {isa = PBXBuildFile; fileRef = C3291CCF1D5AD1C1009EEDDD /* XZQGroup.swift */; };
		C3291CD21D5AD758009EEDDD /* XZQNewfeatureViewController.swift in Sources */ = {isa = PBXBuildFile; fileRef = C3291CD11D5AD758009EEDDD /* XZQNewfeatureViewController.swift */; };
		C3291CD41D5AD7DA009EEDDD /* XZQTabBarController.swift in Sources */ = {isa = PBXBuildFile; fileRef = C3291CD31D5AD7DA009EEDDD /* XZQTabBarController.swift */; };
		C361EE471D5AC0EB00DD4684 /* XZQConst.swift in Sources */ = {isa = PBXBuildFile; fileRef = C361EE461D5AC0EB00DD4684 /* XZQConst.swift */; };
		C3B36EC11D59E1A30035D19E /* AppDelegate.swift in Sources */ = {isa = PBXBuildFile; fileRef = C3B36EC01D59E1A30035D19E /* AppDelegate.swift */; };
		C3B36EC31D59E1A30035D19E /* ViewController.swift in Sources */ = {isa = PBXBuildFile; fileRef = C3B36EC21D59E1A30035D19E /* ViewController.swift */; };
		C3B36EC81D59E1A30035D19E /* Assets.xcassets in Resources */ = {isa = PBXBuildFile; fileRef = C3B36EC71D59E1A30035D19E /* Assets.xcassets */; };
		C3B36ED61D59E1A30035D19E /* DanTangFromQuanzaiTests.swift in Sources */ = {isa = PBXBuildFile; fileRef = C3B36ED51D59E1A30035D19E /* DanTangFromQuanzaiTests.swift */; };
		C3B36EE11D59E1A40035D19E /* DanTangFromQuanzaiUITests.swift in Sources */ = {isa = PBXBuildFile; fileRef = C3B36EE01D59E1A40035D19E /* DanTangFromQuanzaiUITests.swift */; };
/* End PBXBuildFile section */

/* Begin PBXContainerItemProxy section */
		C3B36ED21D59E1A30035D19E /* PBXContainerItemProxy */ = {
			isa = PBXContainerItemProxy;
			containerPortal = C3B36EB51D59E1A30035D19E /* Project object */;
			proxyType = 1;
			remoteGlobalIDString = C3B36EBC1D59E1A30035D19E;
			remoteInfo = DanTangFromQuanzai;
		};
		C3B36EDD1D59E1A40035D19E /* PBXContainerItemProxy */ = {
			isa = PBXContainerItemProxy;
			containerPortal = C3B36EB51D59E1A30035D19E /* Project object */;
			proxyType = 1;
			remoteGlobalIDString = C3B36EBC1D59E1A30035D19E;
			remoteInfo = DanTangFromQuanzai;
		};
/* End PBXContainerItemProxy section */

/* Begin PBXFileReference section */
		BA19FE6D0E347B452581C267 /* Pods_DanTangFromQuanzai.framework */ = {isa = PBXFileReference; explicitFileType = wrapper.framework; includeInIndex = 0; path = Pods_DanTangFromQuanzai.framework; sourceTree = BUILT_PRODUCTS_DIR; };
		C3061E8E1D5ACACC006A7962 /* XZQNetWorkTool.swift */ = {isa = PBXFileReference; fileEncoding = 4; lastKnownFileType = sourcecode.swift; path = XZQNetWorkTool.swift; sourceTree = "<group>"; };
		C3291CBB1D5ACEBE009EEDDD /* XZQHomeItem.swift */ = {isa = PBXFileReference; fileEncoding = 4; lastKnownFileType = sourcecode.swift; path = XZQHomeItem.swift; sourceTree = "<group>"; };
		C3291CBD1D5ACF2F009EEDDD /* XZQChannel.swift */ = {isa = PBXFileReference; fileEncoding = 4; lastKnownFileType = sourcecode.swift; path = XZQChannel.swift; sourceTree = "<group>"; };
		C3291CBF1D5ACFB4009EEDDD /* XZQSearchResult.swift */ = {isa = PBXFileReference; fileEncoding = 4; lastKnownFileType = sourcecode.swift; path = XZQSearchResult.swift; sourceTree = "<group>"; };
		C3291CC51D5AD07C009EEDDD /* XZQProduct.swift */ = {isa = PBXFileReference; fileEncoding = 4; lastKnownFileType = sourcecode.swift; path = XZQProduct.swift; sourceTree = "<group>"; };
		C3291CC71D5AD0B6009EEDDD /* XZQProductDetail.swift */ = {isa = PBXFileReference; fileEncoding = 4; lastKnownFileType = sourcecode.swift; path = XZQProductDetail.swift; sourceTree = "<group>"; };
		C3291CC91D5AD0E7009EEDDD /* XZQComment.swift */ = {isa = PBXFileReference; fileEncoding = 4; lastKnownFileType = sourcecode.swift; path = XZQComment.swift; sourceTree = "<group>"; };
		C3291CCB1D5AD150009EEDDD /* XZQCollection.swift */ = {isa = PBXFileReference; fileEncoding = 4; lastKnownFileType = sourcecode.swift; path = XZQCollection.swift; sourceTree = "<group>"; };
		C3291CCD1D5AD183009EEDDD /* XZQCollectionPost.swift */ = {isa = PBXFileReference; fileEncoding = 4; lastKnownFileType = sourcecode.swift; path = XZQCollectionPost.swift; sourceTree = "<group>"; };
		C3291CCF1D5AD1C1009EEDDD /* XZQGroup.swift */ = {isa = PBXFileReference; fileEncoding = 4; lastKnownFileType = sourcecode.swift; path = XZQGroup.swift; sourceTree = "<group>"; };
		C3291CD11D5AD758009EEDDD /* XZQNewfeatureViewController.swift */ = {isa = PBXFileReference; fileEncoding = 4; lastKnownFileType = sourcecode.swift; path = XZQNewfeatureViewController.swift; sourceTree = "<group>"; };
		C3291CD31D5AD7DA009EEDDD /* XZQTabBarController.swift */ = {isa = PBXFileReference; fileEncoding = 4; lastKnownFileType = sourcecode.swift; path = XZQTabBarController.swift; sourceTree = "<group>"; };
		C361EE461D5AC0EB00DD4684 /* XZQConst.swift */ = {isa = PBXFileReference; fileEncoding = 4; lastKnownFileType = sourcecode.swift; path = XZQConst.swift; sourceTree = "<group>"; };
		C3B36EBD1D59E1A30035D19E /* DanTangFromQuanzai.app */ = {isa = PBXFileReference; explicitFileType = wrapper.application; includeInIndex = 0; path = DanTangFromQuanzai.app; sourceTree = BUILT_PRODUCTS_DIR; };
		C3B36EC01D59E1A30035D19E /* AppDelegate.swift */ = {isa = PBXFileReference; lastKnownFileType = sourcecode.swift; name = AppDelegate.swift; path = ../../AppDelegate.swift; sourceTree = "<group>"; };
		C3B36EC21D59E1A30035D19E /* ViewController.swift */ = {isa = PBXFileReference; lastKnownFileType = sourcecode.swift; path = ViewController.swift; sourceTree = "<group>"; };
		C3B36EC71D59E1A30035D19E /* Assets.xcassets */ = {isa = PBXFileReference; lastKnownFileType = folder.assetcatalog; path = Assets.xcassets; sourceTree = "<group>"; };
		C3B36ECC1D59E1A30035D19E /* Info.plist */ = {isa = PBXFileReference; lastKnownFileType = text.plist.xml; name = Info.plist; path = ../../Info.plist; sourceTree = "<group>"; };
		C3B36ED11D59E1A30035D19E /* DanTangFromQuanzaiTests.xctest */ = {isa = PBXFileReference; explicitFileType = wrapper.cfbundle; includeInIndex = 0; path = DanTangFromQuanzaiTests.xctest; sourceTree = BUILT_PRODUCTS_DIR; };
		C3B36ED51D59E1A30035D19E /* DanTangFromQuanzaiTests.swift */ = {isa = PBXFileReference; lastKnownFileType = sourcecode.swift; path = DanTangFromQuanzaiTests.swift; sourceTree = "<group>"; };
		C3B36ED71D59E1A40035D19E /* Info.plist */ = {isa = PBXFileReference; lastKnownFileType = text.plist.xml; path = Info.plist; sourceTree = "<group>"; };
		C3B36EDC1D59E1A40035D19E /* DanTangFromQuanzaiUITests.xctest */ = {isa = PBXFileReference; explicitFileType = wrapper.cfbundle; includeInIndex = 0; path = DanTangFromQuanzaiUITests.xctest; sourceTree = BUILT_PRODUCTS_DIR; };
		C3B36EE01D59E1A40035D19E /* DanTangFromQuanzaiUITests.swift */ = {isa = PBXFileReference; lastKnownFileType = sourcecode.swift; path = DanTangFromQuanzaiUITests.swift; sourceTree = "<group>"; };
		C3B36EE21D59E1A40035D19E /* Info.plist */ = {isa = PBXFileReference; lastKnownFileType = text.plist.xml; path = Info.plist; sourceTree = "<group>"; };
		DFF3BA93CAB9D00DBE09EAFA /* Pods-DanTangFromQuanzai.release.xcconfig */ = {isa = PBXFileReference; includeInIndex = 1; lastKnownFileType = text.xcconfig; name = "Pods-DanTangFromQuanzai.release.xcconfig"; path = "Pods/Target Support Files/Pods-DanTangFromQuanzai/Pods-DanTangFromQuanzai.release.xcconfig"; sourceTree = "<group>"; };
		FEF7DD2AAFC0AB171F1B5A7B /* Pods-DanTangFromQuanzai.debug.xcconfig */ = {isa = PBXFileReference; includeInIndex = 1; lastKnownFileType = text.xcconfig; name = "Pods-DanTangFromQuanzai.debug.xcconfig"; path = "Pods/Target Support Files/Pods-DanTangFromQuanzai/Pods-DanTangFromQuanzai.debug.xcconfig"; sourceTree = "<group>"; };
/* End PBXFileReference section */

/* Begin PBXFrameworksBuildPhase section */
		C3B36EBA1D59E1A30035D19E /* Frameworks */ = {
			isa = PBXFrameworksBuildPhase;
			buildActionMask = 2147483647;
			files = (
				B8C0CD42084559EC3D1D4529 /* Pods_DanTangFromQuanzai.framework in Frameworks */,
			);
			runOnlyForDeploymentPostprocessing = 0;
		};
		C3B36ECE1D59E1A30035D19E /* Frameworks */ = {
			isa = PBXFrameworksBuildPhase;
			buildActionMask = 2147483647;
			files = (
			);
			runOnlyForDeploymentPostprocessing = 0;
		};
		C3B36ED91D59E1A40035D19E /* Frameworks */ = {
			isa = PBXFrameworksBuildPhase;
			buildActionMask = 2147483647;
			files = (
			);
			runOnlyForDeploymentPostprocessing = 0;
		};
/* End PBXFrameworksBuildPhase section */

/* Begin PBXGroup section */
		3B89A6A77511DBD4529E993B /* Pods */ = {
			isa = PBXGroup;
			children = (
				FEF7DD2AAFC0AB171F1B5A7B /* Pods-DanTangFromQuanzai.debug.xcconfig */,
				DFF3BA93CAB9D00DBE09EAFA /* Pods-DanTangFromQuanzai.release.xcconfig */,
			);
			name = Pods;
			sourceTree = "<group>";
		};
		AEF29A67EF62021A19E6D27F /* Frameworks */ = {
			isa = PBXGroup;
			children = (
				BA19FE6D0E347B452581C267 /* Pods_DanTangFromQuanzai.framework */,
			);
			name = Frameworks;
			sourceTree = "<group>";
		};
		C3291CC11D5AD062009EEDDD /* Product */ = {
			isa = PBXGroup;
			children = (
				C3291CC21D5AD062009EEDDD /* Controller */,
				C3291CC31D5AD062009EEDDD /* Model */,
				C3291CC41D5AD062009EEDDD /* View */,
			);
			path = Product;
			sourceTree = "<group>";
		};
		C3291CC21D5AD062009EEDDD /* Controller */ = {
			isa = PBXGroup;
			children = (
			);
			path = Controller;
			sourceTree = "<group>";
		};
		C3291CC31D5AD062009EEDDD /* Model */ = {
			isa = PBXGroup;
			children = (
				C3291CC51D5AD07C009EEDDD /* XZQProduct.swift */,
				C3291CC71D5AD0B6009EEDDD /* XZQProductDetail.swift */,
				C3291CC91D5AD0E7009EEDDD /* XZQComment.swift */,
			);
			path = Model;
			sourceTree = "<group>";
		};
		C3291CC41D5AD062009EEDDD /* View */ = {
			isa = PBXGroup;
			children = (
			);
			path = View;
			sourceTree = "<group>";
		};
		C361EE391D5AC04400DD4684 /* Controller */ = {
			isa = PBXGroup;
			children = (
			);
			path = Controller;
			sourceTree = "<group>";
		};
		C361EE3A1D5AC04400DD4684 /* Model */ = {
			isa = PBXGroup;
			children = (
				C3291CCB1D5AD150009EEDDD /* XZQCollection.swift */,
				C3291CCD1D5AD183009EEDDD /* XZQCollectionPost.swift */,
				C3291CCF1D5AD1C1009EEDDD /* XZQGroup.swift */,
			);
			path = Model;
			sourceTree = "<group>";
		};
		C361EE3B1D5AC04400DD4684 /* View */ = {
			isa = PBXGroup;
			children = (
			);
			path = View;
			sourceTree = "<group>";
		};
		C361EE3C1D5AC04C00DD4684 /* Controller */ = {
			isa = PBXGroup;
			children = (
			);
			path = Controller;
			sourceTree = "<group>";
		};
		C361EE3D1D5AC04C00DD4684 /* Model */ = {
			isa = PBXGroup;
			children = (
				C3291CBB1D5ACEBE009EEDDD /* XZQHomeItem.swift */,
				C3291CBD1D5ACF2F009EEDDD /* XZQChannel.swift */,
				C3291CBF1D5ACFB4009EEDDD /* XZQSearchResult.swift */,
			);
			path = Model;
			sourceTree = "<group>";
		};
		C361EE3E1D5AC04C00DD4684 /* View */ = {
			isa = PBXGroup;
			children = (
			);
			path = View;
			sourceTree = "<group>";
		};
		C361EE3F1D5AC05300DD4684 /* Controller */ = {
			isa = PBXGroup;
			children = (
				C3291CD11D5AD758009EEDDD /* XZQNewfeatureViewController.swift */,
			);
			path = Controller;
			sourceTree = "<group>";
		};
		C361EE401D5AC05A00DD4684 /* Category */ = {
			isa = PBXGroup;
			children = (
			);
			path = Category;
			sourceTree = "<group>";
		};
		C361EE411D5AC05A00DD4684 /* Controller */ = {
			isa = PBXGroup;
			children = (
				C3291CD31D5AD7DA009EEDDD /* XZQTabBarController.swift */,
			);
			path = Controller;
			sourceTree = "<group>";
		};
		C361EE421D5AC05A00DD4684 /* Tools */ = {
			isa = PBXGroup;
			children = (
				C361EE461D5AC0EB00DD4684 /* XZQConst.swift */,
				C3061E8E1D5ACACC006A7962 /* XZQNetWorkTool.swift */,
			);
			path = Tools;
			sourceTree = "<group>";
		};
		C361EE431D5AC06500DD4684 /* Controller */ = {
			isa = PBXGroup;
			children = (
			);
			path = Controller;
			sourceTree = "<group>";
		};
		C361EE441D5AC06500DD4684 /* Model */ = {
			isa = PBXGroup;
			children = (
			);
			path = Model;
			sourceTree = "<group>";
		};
		C361EE451D5AC06500DD4684 /* View */ = {
			isa = PBXGroup;
			children = (
			);
			path = View;
			sourceTree = "<group>";
		};
		C3B36EB41D59E1A30035D19E = {
			isa = PBXGroup;
			children = (
				C3B36EBF1D59E1A30035D19E /* DanTangFromQuanzai */,
				C3B36ED41D59E1A30035D19E /* DanTangFromQuanzaiTests */,
				C3B36EDF1D59E1A40035D19E /* DanTangFromQuanzaiUITests */,
				C3B36EBE1D59E1A30035D19E /* Products */,
				3B89A6A77511DBD4529E993B /* Pods */,
				AEF29A67EF62021A19E6D27F /* Frameworks */,
			);
			sourceTree = "<group>";
		};
		C3B36EBE1D59E1A30035D19E /* Products */ = {
			isa = PBXGroup;
			children = (
				C3B36EBD1D59E1A30035D19E /* DanTangFromQuanzai.app */,
				C3B36ED11D59E1A30035D19E /* DanTangFromQuanzaiTests.xctest */,
				C3B36EDC1D59E1A40035D19E /* DanTangFromQuanzaiUITests.xctest */,
			);
			name = Products;
			sourceTree = "<group>";
		};
		C3B36EBF1D59E1A30035D19E /* DanTangFromQuanzai */ = {
			isa = PBXGroup;
			children = (
				C3B36EEE1D59E55B0035D19E /* Classes */,
				C3B36EC21D59E1A30035D19E /* ViewController.swift */,
				C3B36EC71D59E1A30035D19E /* Assets.xcassets */,
			);
			path = DanTangFromQuanzai;
			sourceTree = "<group>";
		};
		C3B36ED41D59E1A30035D19E /* DanTangFromQuanzaiTests */ = {
			isa = PBXGroup;
			children = (
				C3B36ED51D59E1A30035D19E /* DanTangFromQuanzaiTests.swift */,
				C3B36ED71D59E1A40035D19E /* Info.plist */,
			);
			path = DanTangFromQuanzaiTests;
			sourceTree = "<group>";
		};
		C3B36EDF1D59E1A40035D19E /* DanTangFromQuanzaiUITests */ = {
			isa = PBXGroup;
			children = (
				C3B36EE01D59E1A40035D19E /* DanTangFromQuanzaiUITests.swift */,
				C3B36EE21D59E1A40035D19E /* Info.plist */,
			);
			path = DanTangFromQuanzaiUITests;
			sourceTree = "<group>";
		};
		C3B36EEE1D59E55B0035D19E /* Classes */ = {
			isa = PBXGroup;
			children = (
				C3B36EEF1D59E55B0035D19E /* Classify */,
				C3B36EF01D59E55B0035D19E /* DanTang */,
				C3B36EF11D59E55B0035D19E /* Login&Register */,
				C3B36EF21D59E55B0035D19E /* Main */,
				C3B36EF31D59E55B0035D19E /* Me */,
				C3291CC11D5AD062009EEDDD /* Product */,
				C3B36EF41D59E55B0035D19E /* Others */,
			);
			path = Classes;
			sourceTree = "<group>";
		};
		C3B36EEF1D59E55B0035D19E /* Classify */ = {
			isa = PBXGroup;
			children = (
				C361EE391D5AC04400DD4684 /* Controller */,
				C361EE3A1D5AC04400DD4684 /* Model */,
				C361EE3B1D5AC04400DD4684 /* View */,
			);
			path = Classify;
			sourceTree = "<group>";
		};
		C3B36EF01D59E55B0035D19E /* DanTang */ = {
			isa = PBXGroup;
			children = (
				C361EE3C1D5AC04C00DD4684 /* Controller */,
				C361EE3D1D5AC04C00DD4684 /* Model */,
				C361EE3E1D5AC04C00DD4684 /* View */,
			);
			path = DanTang;
			sourceTree = "<group>";
		};
		C3B36EF11D59E55B0035D19E /* Login&Register */ = {
			isa = PBXGroup;
			children = (
				C361EE3F1D5AC05300DD4684 /* Controller */,
			);
			path = "Login&Register";
			sourceTree = "<group>";
		};
		C3B36EF21D59E55B0035D19E /* Main */ = {
			isa = PBXGroup;
			children = (
				C361EE401D5AC05A00DD4684 /* Category */,
				C361EE411D5AC05A00DD4684 /* Controller */,
				C361EE421D5AC05A00DD4684 /* Tools */,
			);
			path = Main;
			sourceTree = "<group>";
		};
		C3B36EF31D59E55B0035D19E /* Me */ = {
			isa = PBXGroup;
			children = (
				C361EE431D5AC06500DD4684 /* Controller */,
				C361EE441D5AC06500DD4684 /* Model */,
				C361EE451D5AC06500DD4684 /* View */,
			);
			path = Me;
			sourceTree = "<group>";
		};
		C3B36EF41D59E55B0035D19E /* Others */ = {
			isa = PBXGroup;
			children = (
				C3B36EC01D59E1A30035D19E /* AppDelegate.swift */,
				C3B36ECC1D59E1A30035D19E /* Info.plist */,
			);
			path = Others;
			sourceTree = "<group>";
		};
/* End PBXGroup section */

/* Begin PBXNativeTarget section */
		C3B36EBC1D59E1A30035D19E /* DanTangFromQuanzai */ = {
			isa = PBXNativeTarget;
			buildConfigurationList = C3B36EE51D59E1A40035D19E /* Build configuration list for PBXNativeTarget "DanTangFromQuanzai" */;
			buildPhases = (
				5B74967501050C76F1DF46B4 /* 📦 Check Pods Manifest.lock */,
				C3B36EB91D59E1A30035D19E /* Sources */,
				C3B36EBA1D59E1A30035D19E /* Frameworks */,
				C3B36EBB1D59E1A30035D19E /* Resources */,
				367EBCC87E11C5AD191AE18C /* 📦 Embed Pods Frameworks */,
				BC6042FFA759544C37BDCC4C /* 📦 Copy Pods Resources */,
			);
			buildRules = (
			);
			dependencies = (
			);
			name = DanTangFromQuanzai;
			productName = DanTangFromQuanzai;
			productReference = C3B36EBD1D59E1A30035D19E /* DanTangFromQuanzai.app */;
			productType = "com.apple.product-type.application";
		};
		C3B36ED01D59E1A30035D19E /* DanTangFromQuanzaiTests */ = {
			isa = PBXNativeTarget;
			buildConfigurationList = C3B36EE81D59E1A40035D19E /* Build configuration list for PBXNativeTarget "DanTangFromQuanzaiTests" */;
			buildPhases = (
				C3B36ECD1D59E1A30035D19E /* Sources */,
				C3B36ECE1D59E1A30035D19E /* Frameworks */,
				C3B36ECF1D59E1A30035D19E /* Resources */,
			);
			buildRules = (
			);
			dependencies = (
				C3B36ED31D59E1A30035D19E /* PBXTargetDependency */,
			);
			name = DanTangFromQuanzaiTests;
			productName = DanTangFromQuanzaiTests;
			productReference = C3B36ED11D59E1A30035D19E /* DanTangFromQuanzaiTests.xctest */;
			productType = "com.apple.product-type.bundle.unit-test";
		};
		C3B36EDB1D59E1A40035D19E /* DanTangFromQuanzaiUITests */ = {
			isa = PBXNativeTarget;
			buildConfigurationList = C3B36EEB1D59E1A40035D19E /* Build configuration list for PBXNativeTarget "DanTangFromQuanzaiUITests" */;
			buildPhases = (
				C3B36ED81D59E1A40035D19E /* Sources */,
				C3B36ED91D59E1A40035D19E /* Frameworks */,
				C3B36EDA1D59E1A40035D19E /* Resources */,
			);
			buildRules = (
			);
			dependencies = (
				C3B36EDE1D59E1A40035D19E /* PBXTargetDependency */,
			);
			name = DanTangFromQuanzaiUITests;
			productName = DanTangFromQuanzaiUITests;
			productReference = C3B36EDC1D59E1A40035D19E /* DanTangFromQuanzaiUITests.xctest */;
			productType = "com.apple.product-type.bundle.ui-testing";
		};
/* End PBXNativeTarget section */

/* Begin PBXProject section */
		C3B36EB51D59E1A30035D19E /* Project object */ = {
			isa = PBXProject;
			attributes = {
				LastSwiftUpdateCheck = 0800;
				LastUpgradeCheck = 0800;
				ORGANIZATIONNAME = XZQ;
				TargetAttributes = {
					C3B36EBC1D59E1A30035D19E = {
						CreatedOnToolsVersion = 8.0;
						DevelopmentTeam = 3UVPHG8LZ7;
						DevelopmentTeamName = "Bin Feng (Personal Team)";
						ProvisioningStyle = Automatic;
					};
					C3B36ED01D59E1A30035D19E = {
						CreatedOnToolsVersion = 8.0;
						DevelopmentTeam = 3UVPHG8LZ7;
						DevelopmentTeamName = "Bin Feng (Personal Team)";
						ProvisioningStyle = Automatic;
						TestTargetID = C3B36EBC1D59E1A30035D19E;
					};
					C3B36EDB1D59E1A40035D19E = {
						CreatedOnToolsVersion = 8.0;
						DevelopmentTeam = 3UVPHG8LZ7;
						DevelopmentTeamName = "Bin Feng (Personal Team)";
						ProvisioningStyle = Automatic;
						TestTargetID = C3B36EBC1D59E1A30035D19E;
					};
				};
			};
			buildConfigurationList = C3B36EB81D59E1A30035D19E /* Build configuration list for PBXProject "DanTangFromQuanzai" */;
			compatibilityVersion = "Xcode 3.2";
			developmentRegion = English;
			hasScannedForEncodings = 0;
			knownRegions = (
				en,
				Base,
			);
			mainGroup = C3B36EB41D59E1A30035D19E;
			productRefGroup = C3B36EBE1D59E1A30035D19E /* Products */;
			projectDirPath = "";
			projectRoot = "";
			targets = (
				C3B36EBC1D59E1A30035D19E /* DanTangFromQuanzai */,
				C3B36ED01D59E1A30035D19E /* DanTangFromQuanzaiTests */,
				C3B36EDB1D59E1A40035D19E /* DanTangFromQuanzaiUITests */,
			);
		};
/* End PBXProject section */

/* Begin PBXResourcesBuildPhase section */
		C3B36EBB1D59E1A30035D19E /* Resources */ = {
			isa = PBXResourcesBuildPhase;
			buildActionMask = 2147483647;
			files = (
				C3B36EC81D59E1A30035D19E /* Assets.xcassets in Resources */,
			);
			runOnlyForDeploymentPostprocessing = 0;
		};
		C3B36ECF1D59E1A30035D19E /* Resources */ = {
			isa = PBXResourcesBuildPhase;
			buildActionMask = 2147483647;
			files = (
			);
			runOnlyForDeploymentPostprocessing = 0;
		};
		C3B36EDA1D59E1A40035D19E /* Resources */ = {
			isa = PBXResourcesBuildPhase;
			buildActionMask = 2147483647;
			files = (
			);
			runOnlyForDeploymentPostprocessing = 0;
		};
/* End PBXResourcesBuildPhase section */

/* Begin PBXShellScriptBuildPhase section */
		367EBCC87E11C5AD191AE18C /* 📦 Embed Pods Frameworks */ = {
			isa = PBXShellScriptBuildPhase;
			buildActionMask = 2147483647;
			files = (
			);
			inputPaths = (
			);
			name = "📦 Embed Pods Frameworks";
			outputPaths = (
			);
			runOnlyForDeploymentPostprocessing = 0;
			shellPath = /bin/sh;
			shellScript = "\"${SRCROOT}/Pods/Target Support Files/Pods-DanTangFromQuanzai/Pods-DanTangFromQuanzai-frameworks.sh\"\n";
			showEnvVarsInLog = 0;
		};
		5B74967501050C76F1DF46B4 /* 📦 Check Pods Manifest.lock */ = {
			isa = PBXShellScriptBuildPhase;
			buildActionMask = 2147483647;
			files = (
			);
			inputPaths = (
			);
			name = "📦 Check Pods Manifest.lock";
			outputPaths = (
			);
			runOnlyForDeploymentPostprocessing = 0;
			shellPath = /bin/sh;
			shellScript = "diff \"${PODS_ROOT}/../Podfile.lock\" \"${PODS_ROOT}/Manifest.lock\" > /dev/null\nif [[ $? != 0 ]] ; then\n    cat << EOM\nerror: The sandbox is not in sync with the Podfile.lock. Run 'pod install' or update your CocoaPods installation.\nEOM\n    exit 1\nfi\n";
			showEnvVarsInLog = 0;
		};
		BC6042FFA759544C37BDCC4C /* 📦 Copy Pods Resources */ = {
			isa = PBXShellScriptBuildPhase;
			buildActionMask = 2147483647;
			files = (
			);
			inputPaths = (
			);
			name = "📦 Copy Pods Resources";
			outputPaths = (
			);
			runOnlyForDeploymentPostprocessing = 0;
			shellPath = /bin/sh;
			shellScript = "\"${SRCROOT}/Pods/Target Support Files/Pods-DanTangFromQuanzai/Pods-DanTangFromQuanzai-resources.sh\"\n";
			showEnvVarsInLog = 0;
		};
/* End PBXShellScriptBuildPhase section */

/* Begin PBXSourcesBuildPhase section */
		C3B36EB91D59E1A30035D19E /* Sources */ = {
			isa = PBXSourcesBuildPhase;
			buildActionMask = 2147483647;
			files = (
				C3B36EC31D59E1A30035D19E /* ViewController.swift in Sources */,
				C3291CBC1D5ACEBE009EEDDD /* XZQHomeItem.swift in Sources */,
				C3B36EC11D59E1A30035D19E /* AppDelegate.swift in Sources */,
				C3291CCA1D5AD0E7009EEDDD /* XZQComment.swift in Sources */,
				C3291CD41D5AD7DA009EEDDD /* XZQTabBarController.swift in Sources */,
				C3291CC81D5AD0B6009EEDDD /* XZQProductDetail.swift in Sources */,
				C3061E8F1D5ACACC006A7962 /* XZQNetWorkTool.swift in Sources */,
				C3291CD01D5AD1C1009EEDDD /* XZQGroup.swift in Sources */,
				C361EE471D5AC0EB00DD4684 /* XZQConst.swift in Sources */,
				C3291CD21D5AD758009EEDDD /* XZQNewfeatureViewController.swift in Sources */,
				C3291CCE1D5AD183009EEDDD /* XZQCollectionPost.swift in Sources */,
				C3291CCC1D5AD150009EEDDD /* XZQCollection.swift in Sources */,
				C3291CC01D5ACFB4009EEDDD /* XZQSearchResult.swift in Sources */,
				C3291CBE1D5ACF2F009EEDDD /* XZQChannel.swift in Sources */,
				C3291CC61D5AD07C009EEDDD /* XZQProduct.swift in Sources */,
			);
			runOnlyForDeploymentPostprocessing = 0;
		};
		C3B36ECD1D59E1A30035D19E /* Sources */ = {
			isa = PBXSourcesBuildPhase;
			buildActionMask = 2147483647;
			files = (
				C3B36ED61D59E1A30035D19E /* DanTangFromQuanzaiTests.swift in Sources */,
			);
			runOnlyForDeploymentPostprocessing = 0;
		};
		C3B36ED81D59E1A40035D19E /* Sources */ = {
			isa = PBXSourcesBuildPhase;
			buildActionMask = 2147483647;
			files = (
				C3B36EE11D59E1A40035D19E /* DanTangFromQuanzaiUITests.swift in Sources */,
			);
			runOnlyForDeploymentPostprocessing = 0;
		};
/* End PBXSourcesBuildPhase section */

/* Begin PBXTargetDependency section */
		C3B36ED31D59E1A30035D19E /* PBXTargetDependency */ = {
			isa = PBXTargetDependency;
			target = C3B36EBC1D59E1A30035D19E /* DanTangFromQuanzai */;
			targetProxy = C3B36ED21D59E1A30035D19E /* PBXContainerItemProxy */;
		};
		C3B36EDE1D59E1A40035D19E /* PBXTargetDependency */ = {
			isa = PBXTargetDependency;
			target = C3B36EBC1D59E1A30035D19E /* DanTangFromQuanzai */;
			targetProxy = C3B36EDD1D59E1A40035D19E /* PBXContainerItemProxy */;
		};
/* End PBXTargetDependency section */

/* Begin XCBuildConfiguration section */
		C3B36EE31D59E1A40035D19E /* Debug */ = {
			isa = XCBuildConfiguration;
			buildSettings = {
				ALWAYS_SEARCH_USER_PATHS = NO;
				CLANG_ANALYZER_NONNULL = YES;
				CLANG_CXX_LANGUAGE_STANDARD = "gnu++0x";
				CLANG_CXX_LIBRARY = "libc++";
				CLANG_ENABLE_MODULES = YES;
				CLANG_ENABLE_OBJC_ARC = YES;
				CLANG_WARN_BOOL_CONVERSION = YES;
				CLANG_WARN_CONSTANT_CONVERSION = YES;
				CLANG_WARN_DIRECT_OBJC_ISA_USAGE = YES_ERROR;
				CLANG_WARN_DOCUMENTATION_COMMENTS = YES;
				CLANG_WARN_EMPTY_BODY = YES;
				CLANG_WARN_ENUM_CONVERSION = YES;
				CLANG_WARN_INT_CONVERSION = YES;
				CLANG_WARN_OBJC_ROOT_CLASS = YES_ERROR;
				CLANG_WARN_UNREACHABLE_CODE = YES;
				CLANG_WARN__DUPLICATE_METHOD_MATCH = YES;
				"CODE_SIGN_IDENTITY[sdk=iphoneos*]" = "iPhone Developer";
				COPY_PHASE_STRIP = NO;
				DEBUG_INFORMATION_FORMAT = dwarf;
				ENABLE_STRICT_OBJC_MSGSEND = YES;
				ENABLE_TESTABILITY = YES;
				GCC_C_LANGUAGE_STANDARD = gnu99;
				GCC_DYNAMIC_NO_PIC = NO;
				GCC_NO_COMMON_BLOCKS = YES;
				GCC_OPTIMIZATION_LEVEL = 0;
				GCC_PREPROCESSOR_DEFINITIONS = (
					"DEBUG=1",
					"$(inherited)",
				);
				GCC_WARN_64_TO_32_BIT_CONVERSION = YES;
				GCC_WARN_ABOUT_RETURN_TYPE = YES_ERROR;
				GCC_WARN_UNDECLARED_SELECTOR = YES;
				GCC_WARN_UNINITIALIZED_AUTOS = YES_AGGRESSIVE;
				GCC_WARN_UNUSED_FUNCTION = YES;
				GCC_WARN_UNUSED_VARIABLE = YES;
				IPHONEOS_DEPLOYMENT_TARGET = 10.0;
				MTL_ENABLE_DEBUG_INFO = YES;
				ONLY_ACTIVE_ARCH = YES;
				SDKROOT = iphoneos;
				SWIFT_ACTIVE_COMPILATION_CONDITIONS = DEBUG;
				SWIFT_OPTIMIZATION_LEVEL = "-Onone";
				TARGETED_DEVICE_FAMILY = "1,2";
			};
			name = Debug;
		};
		C3B36EE41D59E1A40035D19E /* Release */ = {
			isa = XCBuildConfiguration;
			buildSettings = {
				ALWAYS_SEARCH_USER_PATHS = NO;
				CLANG_ANALYZER_NONNULL = YES;
				CLANG_CXX_LANGUAGE_STANDARD = "gnu++0x";
				CLANG_CXX_LIBRARY = "libc++";
				CLANG_ENABLE_MODULES = YES;
				CLANG_ENABLE_OBJC_ARC = YES;
				CLANG_WARN_BOOL_CONVERSION = YES;
				CLANG_WARN_CONSTANT_CONVERSION = YES;
				CLANG_WARN_DIRECT_OBJC_ISA_USAGE = YES_ERROR;
				CLANG_WARN_DOCUMENTATION_COMMENTS = YES;
				CLANG_WARN_EMPTY_BODY = YES;
				CLANG_WARN_ENUM_CONVERSION = YES;
				CLANG_WARN_INT_CONVERSION = YES;
				CLANG_WARN_OBJC_ROOT_CLASS = YES_ERROR;
				CLANG_WARN_UNREACHABLE_CODE = YES;
				CLANG_WARN__DUPLICATE_METHOD_MATCH = YES;
				"CODE_SIGN_IDENTITY[sdk=iphoneos*]" = "iPhone Developer";
				COPY_PHASE_STRIP = NO;
				DEBUG_INFORMATION_FORMAT = "dwarf-with-dsym";
				ENABLE_NS_ASSERTIONS = NO;
				ENABLE_STRICT_OBJC_MSGSEND = YES;
				GCC_C_LANGUAGE_STANDARD = gnu99;
				GCC_NO_COMMON_BLOCKS = YES;
				GCC_WARN_64_TO_32_BIT_CONVERSION = YES;
				GCC_WARN_ABOUT_RETURN_TYPE = YES_ERROR;
				GCC_WARN_UNDECLARED_SELECTOR = YES;
				GCC_WARN_UNINITIALIZED_AUTOS = YES_AGGRESSIVE;
				GCC_WARN_UNUSED_FUNCTION = YES;
				GCC_WARN_UNUSED_VARIABLE = YES;
				IPHONEOS_DEPLOYMENT_TARGET = 10.0;
				MTL_ENABLE_DEBUG_INFO = NO;
				SDKROOT = iphoneos;
				SWIFT_OPTIMIZATION_LEVEL = "-Owholemodule";
				TARGETED_DEVICE_FAMILY = "1,2";
				VALIDATE_PRODUCT = YES;
			};
			name = Release;
		};
		C3B36EE61D59E1A40035D19E /* Debug */ = {
			isa = XCBuildConfiguration;
			baseConfigurationReference = FEF7DD2AAFC0AB171F1B5A7B /* Pods-DanTangFromQuanzai.debug.xcconfig */;
			buildSettings = {
				ASSETCATALOG_COMPILER_APPICON_NAME = AppIcon;
				INFOPLIST_FILE = DanTangFromQuanzai/Info.plist;
				IPHONEOS_DEPLOYMENT_TARGET = 8.0;
				LD_RUNPATH_SEARCH_PATHS = "$(inherited) @executable_path/Frameworks";
				PRODUCT_BUNDLE_IDENTIFIER = com.yunshen.dantang.DanTangFromQuanzai;
				PRODUCT_NAME = "$(TARGET_NAME)";
				SWIFT_VERSION = 3.0;
			};
			name = Debug;
		};
		C3B36EE71D59E1A40035D19E /* Release */ = {
			isa = XCBuildConfiguration;
			baseConfigurationReference = DFF3BA93CAB9D00DBE09EAFA /* Pods-DanTangFromQuanzai.release.xcconfig */;
			buildSettings = {
				ASSETCATALOG_COMPILER_APPICON_NAME = AppIcon;
				INFOPLIST_FILE = DanTangFromQuanzai/Info.plist;
				IPHONEOS_DEPLOYMENT_TARGET = 8.0;
				LD_RUNPATH_SEARCH_PATHS = "$(inherited) @executable_path/Frameworks";
				PRODUCT_BUNDLE_IDENTIFIER = com.yunshen.dantang.DanTangFromQuanzai;
				PRODUCT_NAME = "$(TARGET_NAME)";
				SWIFT_VERSION = 3.0;
			};
			name = Release;
		};
		C3B36EE91D59E1A40035D19E /* Debug */ = {
			isa = XCBuildConfiguration;
			buildSettings = {
				BUNDLE_LOADER = "$(TEST_HOST)";
				INFOPLIST_FILE = DanTangFromQuanzaiTests/Info.plist;
				LD_RUNPATH_SEARCH_PATHS = "$(inherited) @executable_path/Frameworks @loader_path/Frameworks";
				PRODUCT_BUNDLE_IDENTIFIER = com.yunshen.dantang.DanTangFromQuanzaiTests;
				PRODUCT_NAME = "$(TARGET_NAME)";
				SWIFT_VERSION = 3.0;
				TEST_HOST = "$(BUILT_PRODUCTS_DIR)/DanTangFromQuanzai.app/DanTangFromQuanzai";
			};
			name = Debug;
		};
		C3B36EEA1D59E1A40035D19E /* Release */ = {
			isa = XCBuildConfiguration;
			buildSettings = {
				BUNDLE_LOADER = "$(TEST_HOST)";
				INFOPLIST_FILE = DanTangFromQuanzaiTests/Info.plist;
				LD_RUNPATH_SEARCH_PATHS = "$(inherited) @executable_path/Frameworks @loader_path/Frameworks";
				PRODUCT_BUNDLE_IDENTIFIER = com.yunshen.dantang.DanTangFromQuanzaiTests;
				PRODUCT_NAME = "$(TARGET_NAME)";
				SWIFT_VERSION = 3.0;
				TEST_HOST = "$(BUILT_PRODUCTS_DIR)/DanTangFromQuanzai.app/DanTangFromQuanzai";
			};
			name = Release;
		};
		C3B36EEC1D59E1A40035D19E /* Debug */ = {
			isa = XCBuildConfiguration;
			buildSettings = {
				INFOPLIST_FILE = DanTangFromQuanzaiUITests/Info.plist;
				LD_RUNPATH_SEARCH_PATHS = "$(inherited) @executable_path/Frameworks @loader_path/Frameworks";
				PRODUCT_BUNDLE_IDENTIFIER = com.yunshen.dantang.DanTangFromQuanzaiUITests;
				PRODUCT_NAME = "$(TARGET_NAME)";
				SWIFT_VERSION = 3.0;
				TEST_TARGET_NAME = DanTangFromQuanzai;
			};
			name = Debug;
		};
		C3B36EED1D59E1A40035D19E /* Release */ = {
			isa = XCBuildConfiguration;
			buildSettings = {
				INFOPLIST_FILE = DanTangFromQuanzaiUITests/Info.plist;
				LD_RUNPATH_SEARCH_PATHS = "$(inherited) @executable_path/Frameworks @loader_path/Frameworks";
				PRODUCT_BUNDLE_IDENTIFIER = com.yunshen.dantang.DanTangFromQuanzaiUITests;
				PRODUCT_NAME = "$(TARGET_NAME)";
				SWIFT_VERSION = 3.0;
				TEST_TARGET_NAME = DanTangFromQuanzai;
			};
			name = Release;
		};
/* End XCBuildConfiguration section */

/* Begin XCConfigurationList section */
		C3B36EB81D59E1A30035D19E /* Build configuration list for PBXProject "DanTangFromQuanzai" */ = {
			isa = XCConfigurationList;
			buildConfigurations = (
				C3B36EE31D59E1A40035D19E /* Debug */,
				C3B36EE41D59E1A40035D19E /* Release */,
			);
			defaultConfigurationIsVisible = 0;
			defaultConfigurationName = Release;
		};
		C3B36EE51D59E1A40035D19E /* Build configuration list for PBXNativeTarget "DanTangFromQuanzai" */ = {
			isa = XCConfigurationList;
			buildConfigurations = (
				C3B36EE61D59E1A40035D19E /* Debug */,
				C3B36EE71D59E1A40035D19E /* Release */,
			);
			defaultConfigurationIsVisible = 0;
			defaultConfigurationName = Release;
		};
		C3B36EE81D59E1A40035D19E /* Build configuration list for PBXNativeTarget "DanTangFromQuanzaiTests" */ = {
			isa = XCConfigurationList;
			buildConfigurations = (
				C3B36EE91D59E1A40035D19E /* Debug */,
				C3B36EEA1D59E1A40035D19E /* Release */,
			);
			defaultConfigurationIsVisible = 0;
			defaultConfigurationName = Release;
		};
		C3B36EEB1D59E1A40035D19E /* Build configuration list for PBXNativeTarget "DanTangFromQuanzaiUITests" */ = {
			isa = XCConfigurationList;
			buildConfigurations = (
				C3B36EEC1D59E1A40035D19E /* Debug */,
				C3B36EED1D59E1A40035D19E /* Release */,
			);
			defaultConfigurationIsVisible = 0;
			defaultConfigurationName = Release;
		};
/* End XCConfigurationList section */
	};
	rootObject = C3B36EB51D59E1A30035D19E /* Project object */;
}
